
Microsoft Visual Studio Solution File, Format Version 12.00
# Visual Studio 15
VisualStudioVersion = 15.0.28010.2019
MinimumVisualStudioVersion = 10.0.40219.1
Project("{FAE04EC0-301F-11D3-BF4B-00C04F79EFBC}") = "FlyingSpaghettiDatingPaula", "FlyingSpaghettiDatingPaula\FlyingSpaghettiDatingPaula.csproj", "{B198CA94-A506-4453-8B78-20D55232425D}"
EndProject
Global
	GlobalSection(SolutionConfigurationPlatforms) = preSolution
		Debug|Any CPU = Debug|Any CPU
		Release|Any CPU = Release|Any CPU
	EndGlobalSection
	GlobalSection(ProjectConfigurationPlatforms) = postSolution
		{B198CA94-A506-4453-8B78-20D55232425D}.Debug|Any CPU.ActiveCfg = Debug|Any CPU
		{B198CA94-A506-4453-8B78-20D55232425D}.Debug|Any CPU.Build.0 = Debug|Any CPU
		{B198CA94-A506-4453-8B78-20D55232425D}.Release|Any CPU.ActiveCfg = Release|Any CPU
		{B198CA94-A506-4453-8B78-20D55232425D}.Release|Any CPU.Build.0 = Release|Any CPU
	EndGlobalSection
	GlobalSection(SolutionProperties) = preSolution
		HideSolutionNode = FALSE
	EndGlobalSection
	GlobalSection(ExtensibilityGlobals) = postSolution
		SolutionGuid = {227CDB61-10A8-4496-BC39-25471B10D01E}
	EndGlobalSection
EndGlobal
